
Microsoft Visual Studio Solution File, Format Version 12.00
# Visual Studio Version 16
VisualStudioVersion = 16.0.31005.135
MinimumVisualStudioVersion = 10.0.40219.1
Project("{FAE04EC0-301F-11D3-BF4B-00C04F79EFBC}") = "AHIsLearning.NAudio", "AHIsLearning.NAudio\AHIsLearning.NAudio.csproj", "{22F7BDAC-9D23-43EF-BD5B-08020B7A9D97}"
EndProject
Global
	GlobalSection(SolutionConfigurationPlatforms) = preSolution
		Debug|Any CPU = Debug|Any CPU
		Release|Any CPU = Release|Any CPU
	EndGlobalSection
	GlobalSection(ProjectConfigurationPlatforms) = postSolution
		{22F7BDAC-9D23-43EF-BD5B-08020B7A9D97}.Debug|Any CPU.ActiveCfg = Debug|Any CPU
		{22F7BDAC-9D23-43EF-BD5B-08020B7A9D97}.Debug|Any CPU.Build.0 = Debug|Any CPU
		{22F7BDAC-9D23-43EF-BD5B-08020B7A9D97}.Release|Any CPU.ActiveCfg = Release|Any CPU
		{22F7BDAC-9D23-43EF-BD5B-08020B7A9D97}.Release|Any CPU.Build.0 = Release|Any CPU
	EndGlobalSection
	GlobalSection(SolutionProperties) = preSolution
		HideSolutionNode = FALSE
	EndGlobalSection
	GlobalSection(ExtensibilityGlobals) = postSolution
		SolutionGuid = {203F5ECA-8E50-4E4C-B345-9172CFEAC47B}
	EndGlobalSection
EndGlobal
